
Microsoft Visual Studio Solution File, Format Version 10.00
# Visual Studio 2008
Project("{FAE04EC0-301F-11D3-BF4B-00C04F79EFBC}") = "Note", "Note\Note.csproj", "{FD497B80-4A3D-422D-A04D-1E1504CE3479}"
EndProject
Global
	GlobalSection(SolutionConfigurationPlatforms) = preSolution
		Debug|Any CPU = Debug|Any CPU
		Release|Any CPU = Release|Any CPU
	EndGlobalSection
	GlobalSection(ProjectConfigurationPlatforms) = postSolution
		{FD497B80-4A3D-422D-A04D-1E1504CE3479}.Debug|Any CPU.ActiveCfg = Debug|Any CPU
		{FD497B80-4A3D-422D-A04D-1E1504CE3479}.Debug|Any CPU.Build.0 = Debug|Any CPU
		{FD497B80-4A3D-422D-A04D-1E1504CE3479}.Release|Any CPU.ActiveCfg = Release|Any CPU
		{FD497B80-4A3D-422D-A04D-1E1504CE3479}.Release|Any CPU.Build.0 = Release|Any CPU
	EndGlobalSection
	GlobalSection(SolutionProperties) = preSolution
		HideSolutionNode = FALSE
	EndGlobalSection
EndGlobal
